{
  "nodes": {
    "fenix": {
      "inputs": {
        "nixpkgs": [
          "nix-storage-plugin",
          "nixpkgs"
        ],
        "rust-analyzer-src": "rust-analyzer-src"
      },
      "locked": {
        "lastModified": 1781343250,
        "narHash": "sha256-KBJktAwDG9+10j2wMfvOVkBEhZr3yS769xoqqdFI62s=",
        "owner": "nix-community",
        "repo": "fenix",
        "rev": "aad7d8bb6936d473c2b9d1a5846a1fe1bc92767a",
        "type": "github"
      },
      "original": {
        "owner": "nix-community",
        "repo": "fenix",
        "type": "github"
      }
    },
    "flake-file": {
      "locked": {
        "lastModified": 1779051720,
        "narHash": "sha256-+jbXnODsR19pFKB0x/6kHhFgW6yV6N+CGClFr45eDU8=",
        "owner": "vic",
        "repo": "flake-file",
        "rev": "c58eb27d9434e5be0c8693f1eb18d47035bc21ba",
        "type": "github"
      },
      "original": {
        "owner": "vic",
        "repo": "flake-file",
        "type": "github"
      }
    },
    "flake-parts": {
      "inputs": {
        "nixpkgs-lib": [
          "nixpkgs"
        ]
      },
      "locked": {
        "lastModified": 1778716662,
        "narHash": "sha256-m1Yf0wZ8j1OHjTc2UwHwyQRSnNeSgLJOd7q5Y45hzi4=",
        "owner": "hercules-ci",
        "repo": "flake-parts",
        "rev": "f7c1a2d347e4c52d5fb8d10cb4d94b5884e546fb",
        "type": "github"
      },
      "original": {
        "owner": "hercules-ci",
        "repo": "flake-parts",
        "type": "github"
      }
    },
    "flint": {
      "inputs": {
        "nixpkgs": [
          "nixpkgs"
        ]
      },
      "locked": {
        "lastModified": 1767431140,
        "narHash": "sha256-ug37Jt6r8LP3161suTh6IW+fkx0a7kiSAhAPsVcPrkA=",
        "owner": "NotAShelf",
        "repo": "flint",
        "rev": "7832a5b5f5ef1243818f8f5e357ad1ee2d35d2b7",
        "type": "github"
      },
      "original": {
        "owner": "NotAShelf",
        "repo": "flint",
        "type": "github"
      }
    },
    "globset": {
      "inputs": {
        "nixpkgs-lib": [
          "nix-snapshotter",
          "nixpkgs"
        ]
      },
      "locked": {
        "lastModified": 1729844927,
        "narHash": "sha256-nBkQx23jgpGPk3aU2KcqJCoYvzjsKEjWBePmc2z8N3k=",
        "owner": "pdtpartners",
        "repo": "globset",
        "rev": "eb9d9e64b7ab0a64c34ba4a5a990b66506401c35",
        "type": "github"
      },
      "original": {
        "owner": "pdtpartners",
        "repo": "globset",
        "type": "github"
      }
    },
    "import-tree": {
      "locked": {
        "lastModified": 1778781969,
        "narHash": "sha256-Jjuz5CmSkur8KvLDoGa+vylEp+RkQtv4mt/qcMznpH0=",
        "owner": "vic",
        "repo": "import-tree",
        "rev": "d321337efd0f23a9eb14a42adb7b2c29313ab274",
        "type": "github"
      },
      "original": {
        "owner": "vic",
        "repo": "import-tree",
        "type": "github"
      }
    },
    "kubenix": {
      "inputs": {
        "flake-compat": [],
        "nixpkgs": [
          "nixpkgs"
        ],
        "systems": "systems",
        "treefmt": [
          "treefmt-nix"
        ]
      },
      "locked": {
        "lastModified": 1778924636,
        "narHash": "sha256-VP2XWSN2eBSAv6oij/z3pwLehivkZBX+OL7DgVmT2Ls=",
        "owner": "hall",
        "repo": "kubenix",
        "rev": "0849b2ddb0df03190517b914d73cdcb142dfc2f8",
        "type": "github"
      },
      "original": {
        "owner": "hall",
        "repo": "kubenix",
        "type": "github"
      }
    },
    "make-shell": {
      "inputs": {
        "flake-compat": []
      },
      "locked": {
        "lastModified": 1733933815,
        "narHash": "sha256-9JjM7eT66W4NJAXpGUsdyAFXhBxFWR2Z9LZwUa7Hli0=",
        "owner": "nicknovitski",
        "repo": "make-shell",
        "rev": "ffeceae9956df03571ea8e96ef77c2924f13a63c",
        "type": "github"
      },
      "original": {
        "owner": "nicknovitski",
        "repo": "make-shell",
        "type": "github"
      }
    },
    "nix-snapshotter": {
      "inputs": {
        "flake-compat": [],
        "flake-parts": [
          "flake-parts"
        ],
        "globset": "globset",
        "nixpkgs": [
          "nixpkgs"
        ]
      },
      "locked": {
        "lastModified": 1771962270,
        "narHash": "sha256-uPdgkgNV4nOKeGRH2Ucy0XlR0pVgfxvi7w55GfBVo3A=",
        "owner": "pdtpartners",
        "repo": "nix-snapshotter",
        "rev": "8e875fb8eeb28947e2b4c3e7552f511d8d1f405a",
        "type": "github"
      },
      "original": {
        "owner": "pdtpartners",
        "repo": "nix-snapshotter",
        "type": "github"
      }
    },
    "nix-storage-plugin": {
      "inputs": {
        "crate2nix": [],
        "fenix": "fenix",
        "flake-file": [
          "flake-file"
        ],
        "flake-parts": [
          "flake-parts"
        ],
        "flint": [
          "flint"
        ],
        "hegel": [],
        "import-tree": [
          "import-tree"
        ],
        "make-shell": [
          "make-shell"
        ],
        "nixpkgs": [
          "nixpkgs"
        ],
        "treefmt-nix": [
          "treefmt-nix"
        ]
      },
      "locked": {
        "lastModified": 1779727853,
        "narHash": "sha256-xnr5q89PvRjFrXo+UAj+p9j7Z34HQ5JnJuwgUlh1TtA=",
        "owner": "bitbloxhub",
        "repo": "nix-storage-plugin",
        "rev": "4c36ffe7d17e0c19a6e3753401499f7063668e68",
        "type": "github"
      },
      "original": {
        "owner": "bitbloxhub",
        "repo": "nix-storage-plugin",
        "type": "github"
      }
    },
    "nixpkgs": {
      "locked": {
        "lastModified": 1779560665,
        "narHash": "sha256-tpyBcxPpcQb8ukyNF7DoCwfSY3VPsxHoYwj00Cayv5o=",
        "owner": "NixOS",
        "repo": "nixpkgs",
        "rev": "64c08a7ca051951c8eae34e3e3cb1e202fe36786",
        "type": "github"
      },
      "original": {
        "owner": "NixOS",
        "ref": "nixos-unstable",
        "repo": "nixpkgs",
        "type": "github"
      }
    },
    "root": {
      "inputs": {
        "flake-file": "flake-file",
        "flake-parts": "flake-parts",
        "flint": "flint",
        "import-tree": "import-tree",
        "kubenix": "kubenix",
        "make-shell": "make-shell",
        "nix-snapshotter": "nix-snapshotter",
        "nix-storage-plugin": "nix-storage-plugin",
        "nixpkgs": "nixpkgs",
        "treefmt-nix": "treefmt-nix"
      }
    },
    "rust-analyzer-src": {
      "flake": false,
      "locked": {
        "lastModified": 1781294997,
        "narHash": "sha256-XjCyIvJw4JtcwItTKRdQz5h1pLF9hr8ZSYeMP+/1d3A=",
        "owner": "rust-lang",
        "repo": "rust-analyzer",
        "rev": "3f92cd1612268995d5667bd04fa03ba2916413d9",
        "type": "github"
      },
      "original": {
        "owner": "rust-lang",
        "ref": "nightly",
        "repo": "rust-analyzer",
        "type": "github"
      }
    },
    "systems": {
      "locked": {
        "lastModified": 1681028828,
        "narHash": "sha256-Vy1rq5AaRuLzOxct8nz4T6wlgyUR7zLU309k9mBC768=",
        "owner": "nix-systems",
        "repo": "default",
        "rev": "da67096a3b9bf56a91d16901293e51ba5b49a27e",
        "type": "github"
      },
      "original": {
        "id": "systems",
        "type": "indirect"
      }
    },
    "treefmt-nix": {
      "inputs": {
        "nixpkgs": [
          "nixpkgs"
        ]
      },
      "locked": {
        "lastModified": 1775636079,
        "narHash": "sha256-pc20NRoMdiar8oPQceQT47UUZMBTiMdUuWrYu2obUP0=",
        "owner": "numtide",
        "repo": "treefmt-nix",
        "rev": "790751ff7fd3801feeaf96d7dc416a8d581265ba",
        "type": "github"
      },
      "original": {
        "owner": "numtide",
        "repo": "treefmt-nix",
        "type": "github"
      }
    }
  },
  "root": "root",
  "version": 7
}
